{
  "requires": true,
  "lockfileVersion": 1,
  "dependencies": {
    "cdk8s": {
      "version": "0.27.0",
      "resolved": "https://registry.npmjs.org/cdk8s/-/cdk8s-0.27.0.tgz",
      "integrity": "sha512-Kp+8GIU5NChx/oRohaowjc389I8/zgUWM9LYZaidfkkzOhSdCkPlX+kVHxMujSE9jSfiyM9yIyd7pDwmW10Tng==",
      "requires": {
        "follow-redirects": "^1.11.0",
        "json-stable-stringify": "^1.0.1",
        "yaml": "^1.7.2"
      },
      "dependencies": {
        "debug": {
          "version": "3.2.6",
          "bundled": true,
          "requires": {
            "ms": "^2.1.1"
          }
        },
        "follow-redirects": {
          "version": "1.11.0",
          "bundled": true,
          "requires": {
            "debug": "^3.0.0"
          }
        },
        "json-stable-stringify": {
          "version": "1.0.1",
          "bundled": true,
          "requires": {
            "jsonify": "~0.0.0"
          }
        },
        "jsonify": {
          "version": "0.0.0",
          "bundled": true
        },
        "ms": {
          "version": "2.1.2",
          "bundled": true
        },
        "yaml": {
          "version": "1.10.0",
          "bundled": true
        }
      }
    },
    "cdk8s-plus": {
      "version": "0.27.0",
      "resolved": "https://registry.npmjs.org/cdk8s-plus/-/cdk8s-plus-0.27.0.tgz",
      "integrity": "sha512-TBm1UXikGYsGolpNhUzO2Sh1wMZ8ynyDQTTeg6tZ2Hmh8HwUYMBrkisF21d6YQxiKQI6xPzAeuO+KEufHkbewA==",
      "requires": {
        "cdk8s": "^0.27.0",
        "minimatch": "^3.0.4"
      },
      "dependencies": {
        "balanced-match": {
          "version": "1.0.0",
          "bundled": true
        },
        "brace-expansion": {
          "version": "1.1.11",
          "bundled": true,
          "requires": {
            "balanced-match": "^1.0.0",
            "concat-map": "0.0.1"
          }
        },
        "concat-map": {
          "version": "0.0.1",
          "bundled": true
        },
        "minimatch": {
          "version": "3.0.4",
          "bundled": true,
          "requires": {
            "brace-expansion": "^1.1.7"
          }
        }
      }
    }
  }
}
